
Microsoft Visual Studio Solution File, Format Version 12.00
# Visual Studio Version 17
VisualStudioVersion = 17.14.36616.10 d17.14
MinimumVisualStudioVersion = 10.0.40219.1
Project("{FAE04EC0-301F-11D3-BF4B-00C04F79EFBC}") = "Core_binding", "Core_binding.csproj", "{EE66AE54-0B40-4163-8D52-60D57F958F47}"
EndProject
Global
	GlobalSection(SolutionConfigurationPlatforms) = preSolution
		Debug|Any CPU = Debug|Any CPU
		Release|Any CPU = Release|Any CPU
	EndGlobalSection
	GlobalSection(ProjectConfigurationPlatforms) = postSolution
		{EE66AE54-0B40-4163-8D52-60D57F958F47}.Debug|Any CPU.ActiveCfg = Debug|Any CPU
		{EE66AE54-0B40-4163-8D52-60D57F958F47}.Debug|Any CPU.Build.0 = Debug|Any CPU
		{EE66AE54-0B40-4163-8D52-60D57F958F47}.Release|Any CPU.ActiveCfg = Release|Any CPU
		{EE66AE54-0B40-4163-8D52-60D57F958F47}.Release|Any CPU.Build.0 = Release|Any CPU
	EndGlobalSection
	GlobalSection(SolutionProperties) = preSolution
		HideSolutionNode = FALSE
	EndGlobalSection
	GlobalSection(ExtensibilityGlobals) = postSolution
		SolutionGuid = {D9408896-BF45-44DD-8DE6-99637D746E85}
	EndGlobalSection
EndGlobal
