
Microsoft Visual Studio Solution File, Format Version 12.00
# Visual Studio Version 17
VisualStudioVersion = 17.14.36616.10 d17.14
MinimumVisualStudioVersion = 10.0.40219.1
Project("{FAE04EC0-301F-11D3-BF4B-00C04F79EFBC}") = "web project", "web project.csproj", "{C217ED27-5E97-4117-8300-01A58B711020}"
EndProject
Global
	GlobalSection(SolutionConfigurationPlatforms) = preSolution
		Debug|Any CPU = Debug|Any CPU
		Release|Any CPU = Release|Any CPU
	EndGlobalSection
	GlobalSection(ProjectConfigurationPlatforms) = postSolution
		{C217ED27-5E97-4117-8300-01A58B711020}.Debug|Any CPU.ActiveCfg = Debug|Any CPU
		{C217ED27-5E97-4117-8300-01A58B711020}.Debug|Any CPU.Build.0 = Debug|Any CPU
		{C217ED27-5E97-4117-8300-01A58B711020}.Release|Any CPU.ActiveCfg = Release|Any CPU
		{C217ED27-5E97-4117-8300-01A58B711020}.Release|Any CPU.Build.0 = Release|Any CPU
	EndGlobalSection
	GlobalSection(SolutionProperties) = preSolution
		HideSolutionNode = FALSE
	EndGlobalSection
	GlobalSection(ExtensibilityGlobals) = postSolution
		SolutionGuid = {476808DE-A974-467E-9094-3F528591B15C}
	EndGlobalSection
EndGlobal
