
Microsoft Visual Studio Solution File, Format Version 12.00
# Visual Studio Version 17
VisualStudioVersion = 17.14.36616.10 d17.14
MinimumVisualStudioVersion = 10.0.40219.1
Project("{FAE04EC0-301F-11D3-BF4B-00C04F79EFBC}") = "AJAX_POSTING_PRJ", "AJAX_POSTING_PRJ.csproj", "{A724B780-3AD0-4EF5-ADF7-98991B02612F}"
EndProject
Global
	GlobalSection(SolutionConfigurationPlatforms) = preSolution
		Debug|Any CPU = Debug|Any CPU
		Release|Any CPU = Release|Any CPU
	EndGlobalSection
	GlobalSection(ProjectConfigurationPlatforms) = postSolution
		{A724B780-3AD0-4EF5-ADF7-98991B02612F}.Debug|Any CPU.ActiveCfg = Debug|Any CPU
		{A724B780-3AD0-4EF5-ADF7-98991B02612F}.Debug|Any CPU.Build.0 = Debug|Any CPU
		{A724B780-3AD0-4EF5-ADF7-98991B02612F}.Release|Any CPU.ActiveCfg = Release|Any CPU
		{A724B780-3AD0-4EF5-ADF7-98991B02612F}.Release|Any CPU.Build.0 = Release|Any CPU
	EndGlobalSection
	GlobalSection(SolutionProperties) = preSolution
		HideSolutionNode = FALSE
	EndGlobalSection
	GlobalSection(ExtensibilityGlobals) = postSolution
		SolutionGuid = {F3CAB553-1191-468B-AD04-3AAEF993B3F0}
	EndGlobalSection
EndGlobal
