
Microsoft Visual Studio Solution File, Format Version 12.00
# Visual Studio Version 17
VisualStudioVersion = 17.14.36616.10 d17.14
MinimumVisualStudioVersion = 10.0.40219.1
Project("{FAE04EC0-301F-11D3-BF4B-00C04F79EFBC}") = "Web_Service_Client", "Web_Service_Client.csproj", "{2293C1CD-2221-4BF6-A2DD-F86FEF1361A0}"
EndProject
Global
	GlobalSection(SolutionConfigurationPlatforms) = preSolution
		Debug|Any CPU = Debug|Any CPU
		Release|Any CPU = Release|Any CPU
	EndGlobalSection
	GlobalSection(ProjectConfigurationPlatforms) = postSolution
		{2293C1CD-2221-4BF6-A2DD-F86FEF1361A0}.Debug|Any CPU.ActiveCfg = Debug|Any CPU
		{2293C1CD-2221-4BF6-A2DD-F86FEF1361A0}.Debug|Any CPU.Build.0 = Debug|Any CPU
		{2293C1CD-2221-4BF6-A2DD-F86FEF1361A0}.Release|Any CPU.ActiveCfg = Release|Any CPU
		{2293C1CD-2221-4BF6-A2DD-F86FEF1361A0}.Release|Any CPU.Build.0 = Release|Any CPU
	EndGlobalSection
	GlobalSection(SolutionProperties) = preSolution
		HideSolutionNode = FALSE
	EndGlobalSection
	GlobalSection(ExtensibilityGlobals) = postSolution
		SolutionGuid = {AF96959E-42E3-460F-9229-612B9EBD4A04}
	EndGlobalSection
EndGlobal
