
Microsoft Visual Studio Solution File, Format Version 12.00
# Visual Studio Version 17
VisualStudioVersion = 17.14.36616.10 d17.14
MinimumVisualStudioVersion = 10.0.40219.1
Project("{FAE04EC0-301F-11D3-BF4B-00C04F79EFBC}") = "Custom_ModelBinding", "Custom_ModelBinding\Custom_ModelBinding.csproj", "{1D2D871E-8217-4FF8-86C1-5D26AAFBA508}"
EndProject
Global
	GlobalSection(SolutionConfigurationPlatforms) = preSolution
		Debug|Any CPU = Debug|Any CPU
		Release|Any CPU = Release|Any CPU
	EndGlobalSection
	GlobalSection(ProjectConfigurationPlatforms) = postSolution
		{1D2D871E-8217-4FF8-86C1-5D26AAFBA508}.Debug|Any CPU.ActiveCfg = Debug|Any CPU
		{1D2D871E-8217-4FF8-86C1-5D26AAFBA508}.Debug|Any CPU.Build.0 = Debug|Any CPU
		{1D2D871E-8217-4FF8-86C1-5D26AAFBA508}.Release|Any CPU.ActiveCfg = Release|Any CPU
		{1D2D871E-8217-4FF8-86C1-5D26AAFBA508}.Release|Any CPU.Build.0 = Release|Any CPU
	EndGlobalSection
	GlobalSection(SolutionProperties) = preSolution
		HideSolutionNode = FALSE
	EndGlobalSection
	GlobalSection(ExtensibilityGlobals) = postSolution
		SolutionGuid = {073634C2-5A5C-4A23-BBD7-19A15BD5B5E7}
	EndGlobalSection
EndGlobal
