
Microsoft Visual Studio Solution File, Format Version 12.00
# Visual Studio Version 17
VisualStudioVersion = 17.14.36616.10 d17.14
MinimumVisualStudioVersion = 10.0.40219.1
Project("{FAE04EC0-301F-11D3-BF4B-00C04F79EFBC}") = "ValidationProject", "ValidationProject.csproj", "{CA498446-199A-492C-A312-BCADC83AC526}"
EndProject
Global
	GlobalSection(SolutionConfigurationPlatforms) = preSolution
		Debug|Any CPU = Debug|Any CPU
		Release|Any CPU = Release|Any CPU
	EndGlobalSection
	GlobalSection(ProjectConfigurationPlatforms) = postSolution
		{CA498446-199A-492C-A312-BCADC83AC526}.Debug|Any CPU.ActiveCfg = Debug|Any CPU
		{CA498446-199A-492C-A312-BCADC83AC526}.Debug|Any CPU.Build.0 = Debug|Any CPU
		{CA498446-199A-492C-A312-BCADC83AC526}.Release|Any CPU.ActiveCfg = Release|Any CPU
		{CA498446-199A-492C-A312-BCADC83AC526}.Release|Any CPU.Build.0 = Release|Any CPU
	EndGlobalSection
	GlobalSection(SolutionProperties) = preSolution
		HideSolutionNode = FALSE
	EndGlobalSection
	GlobalSection(ExtensibilityGlobals) = postSolution
		SolutionGuid = {B4521C24-9EB7-4D5B-A39B-D007F843C8FD}
	EndGlobalSection
EndGlobal
