
Microsoft Visual Studio Solution File, Format Version 12.00
# Visual Studio Version 17
VisualStudioVersion = 17.14.36616.10 d17.14
MinimumVisualStudioVersion = 10.0.40219.1
Project("{FAE04EC0-301F-11D3-BF4B-00C04F79EFBC}") = "MVC_Services", "MVC_Services.csproj", "{C23AF20A-BCC9-4948-88EF-36401E48CF49}"
EndProject
Global
	GlobalSection(SolutionConfigurationPlatforms) = preSolution
		Debug|Any CPU = Debug|Any CPU
		Release|Any CPU = Release|Any CPU
	EndGlobalSection
	GlobalSection(ProjectConfigurationPlatforms) = postSolution
		{C23AF20A-BCC9-4948-88EF-36401E48CF49}.Debug|Any CPU.ActiveCfg = Debug|Any CPU
		{C23AF20A-BCC9-4948-88EF-36401E48CF49}.Debug|Any CPU.Build.0 = Debug|Any CPU
		{C23AF20A-BCC9-4948-88EF-36401E48CF49}.Release|Any CPU.ActiveCfg = Release|Any CPU
		{C23AF20A-BCC9-4948-88EF-36401E48CF49}.Release|Any CPU.Build.0 = Release|Any CPU
	EndGlobalSection
	GlobalSection(SolutionProperties) = preSolution
		HideSolutionNode = FALSE
	EndGlobalSection
	GlobalSection(ExtensibilityGlobals) = postSolution
		SolutionGuid = {A357B511-5DA8-4B19-BCF3-B64447495ED3}
	EndGlobalSection
EndGlobal
