
Microsoft Visual Studio Solution File, Format Version 12.00
# Visual Studio Version 17
VisualStudioVersion = 17.14.36616.10 d17.14
MinimumVisualStudioVersion = 10.0.40219.1
Project("{FAE04EC0-301F-11D3-BF4B-00C04F79EFBC}") = "struct_n_Enum", "struct_n_Enum.csproj", "{98F7EE54-10C4-43D5-9848-F5F4B7C5F58C}"
EndProject
Global
	GlobalSection(SolutionConfigurationPlatforms) = preSolution
		Debug|Any CPU = Debug|Any CPU
		Release|Any CPU = Release|Any CPU
	EndGlobalSection
	GlobalSection(ProjectConfigurationPlatforms) = postSolution
		{98F7EE54-10C4-43D5-9848-F5F4B7C5F58C}.Debug|Any CPU.ActiveCfg = Debug|Any CPU
		{98F7EE54-10C4-43D5-9848-F5F4B7C5F58C}.Debug|Any CPU.Build.0 = Debug|Any CPU
		{98F7EE54-10C4-43D5-9848-F5F4B7C5F58C}.Release|Any CPU.ActiveCfg = Release|Any CPU
		{98F7EE54-10C4-43D5-9848-F5F4B7C5F58C}.Release|Any CPU.Build.0 = Release|Any CPU
	EndGlobalSection
	GlobalSection(SolutionProperties) = preSolution
		HideSolutionNode = FALSE
	EndGlobalSection
	GlobalSection(ExtensibilityGlobals) = postSolution
		SolutionGuid = {77958E59-851B-4F0A-BFF7-4A87397AA0F4}
	EndGlobalSection
EndGlobal
