
Microsoft Visual Studio Solution File, Format Version 12.00
# Visual Studio Version 17
VisualStudioVersion = 17.14.36616.10 d17.14
MinimumVisualStudioVersion = 10.0.40219.1
Project("{FAE04EC0-301F-11D3-BF4B-00C04F79EFBC}") = "Attribute_Routing_Prj", "Attribute_Routing_Prj.csproj", "{C2A23CB3-4AB9-42B4-B7E5-1BC0E241784B}"
EndProject
Global
	GlobalSection(SolutionConfigurationPlatforms) = preSolution
		Debug|Any CPU = Debug|Any CPU
		Release|Any CPU = Release|Any CPU
	EndGlobalSection
	GlobalSection(ProjectConfigurationPlatforms) = postSolution
		{C2A23CB3-4AB9-42B4-B7E5-1BC0E241784B}.Debug|Any CPU.ActiveCfg = Debug|Any CPU
		{C2A23CB3-4AB9-42B4-B7E5-1BC0E241784B}.Debug|Any CPU.Build.0 = Debug|Any CPU
		{C2A23CB3-4AB9-42B4-B7E5-1BC0E241784B}.Release|Any CPU.ActiveCfg = Release|Any CPU
		{C2A23CB3-4AB9-42B4-B7E5-1BC0E241784B}.Release|Any CPU.Build.0 = Release|Any CPU
	EndGlobalSection
	GlobalSection(SolutionProperties) = preSolution
		HideSolutionNode = FALSE
	EndGlobalSection
	GlobalSection(ExtensibilityGlobals) = postSolution
		SolutionGuid = {F6079B94-3B97-43DE-9BE8-C145B845059F}
	EndGlobalSection
EndGlobal
