
Microsoft Visual Studio Solution File, Format Version 12.00
# Visual Studio Version 17
VisualStudioVersion = 17.14.36616.10 d17.14
MinimumVisualStudioVersion = 10.0.40219.1
Project("{FAE04EC0-301F-11D3-BF4B-00C04F79EFBC}") = "Web_MVC_Client", "Web_MVC_Client.csproj", "{16DED291-76CD-463A-860B-256896631DCF}"
EndProject
Global
	GlobalSection(SolutionConfigurationPlatforms) = preSolution
		Debug|Any CPU = Debug|Any CPU
		Release|Any CPU = Release|Any CPU
	EndGlobalSection
	GlobalSection(ProjectConfigurationPlatforms) = postSolution
		{16DED291-76CD-463A-860B-256896631DCF}.Debug|Any CPU.ActiveCfg = Debug|Any CPU
		{16DED291-76CD-463A-860B-256896631DCF}.Debug|Any CPU.Build.0 = Debug|Any CPU
		{16DED291-76CD-463A-860B-256896631DCF}.Release|Any CPU.ActiveCfg = Release|Any CPU
		{16DED291-76CD-463A-860B-256896631DCF}.Release|Any CPU.Build.0 = Release|Any CPU
	EndGlobalSection
	GlobalSection(SolutionProperties) = preSolution
		HideSolutionNode = FALSE
	EndGlobalSection
	GlobalSection(ExtensibilityGlobals) = postSolution
		SolutionGuid = {E30F3340-4A21-4184-90C7-4F4FBA8AE39B}
	EndGlobalSection
EndGlobal
