
Microsoft Visual Studio Solution File, Format Version 12.00
# Visual Studio Version 17
VisualStudioVersion = 17.14.36616.10 d17.14
MinimumVisualStudioVersion = 10.0.40219.1
Project("{FAE04EC0-301F-11D3-BF4B-00C04F79EFBC}") = "Web_Service_pro2", "Web_Service_pro2.csproj", "{C6FF4DDB-6701-43A3-B03A-7071B9150A76}"
EndProject
Global
	GlobalSection(SolutionConfigurationPlatforms) = preSolution
		Debug|Any CPU = Debug|Any CPU
		Release|Any CPU = Release|Any CPU
	EndGlobalSection
	GlobalSection(ProjectConfigurationPlatforms) = postSolution
		{C6FF4DDB-6701-43A3-B03A-7071B9150A76}.Debug|Any CPU.ActiveCfg = Debug|Any CPU
		{C6FF4DDB-6701-43A3-B03A-7071B9150A76}.Debug|Any CPU.Build.0 = Debug|Any CPU
		{C6FF4DDB-6701-43A3-B03A-7071B9150A76}.Release|Any CPU.ActiveCfg = Release|Any CPU
		{C6FF4DDB-6701-43A3-B03A-7071B9150A76}.Release|Any CPU.Build.0 = Release|Any CPU
	EndGlobalSection
	GlobalSection(SolutionProperties) = preSolution
		HideSolutionNode = FALSE
	EndGlobalSection
	GlobalSection(ExtensibilityGlobals) = postSolution
		SolutionGuid = {1AAB1398-1368-41C6-AC77-4D777FE8717E}
	EndGlobalSection
EndGlobal
