
Microsoft Visual Studio Solution File, Format Version 12.00
# Visual Studio Version 17
VisualStudioVersion = 17.14.36616.10 d17.14
MinimumVisualStudioVersion = 10.0.40219.1
Project("{FAE04EC0-301F-11D3-BF4B-00C04F79EFBC}") = "DataProject", "DataProject.csproj", "{D91A8899-B1BA-4EA0-BF8A-7DA75D455217}"
EndProject
Global
	GlobalSection(SolutionConfigurationPlatforms) = preSolution
		Debug|Any CPU = Debug|Any CPU
		Release|Any CPU = Release|Any CPU
	EndGlobalSection
	GlobalSection(ProjectConfigurationPlatforms) = postSolution
		{D91A8899-B1BA-4EA0-BF8A-7DA75D455217}.Debug|Any CPU.ActiveCfg = Debug|Any CPU
		{D91A8899-B1BA-4EA0-BF8A-7DA75D455217}.Debug|Any CPU.Build.0 = Debug|Any CPU
		{D91A8899-B1BA-4EA0-BF8A-7DA75D455217}.Release|Any CPU.ActiveCfg = Release|Any CPU
		{D91A8899-B1BA-4EA0-BF8A-7DA75D455217}.Release|Any CPU.Build.0 = Release|Any CPU
	EndGlobalSection
	GlobalSection(SolutionProperties) = preSolution
		HideSolutionNode = FALSE
	EndGlobalSection
	GlobalSection(ExtensibilityGlobals) = postSolution
		SolutionGuid = {484631BF-75FB-4D46-A22A-387FBC22A52A}
	EndGlobalSection
EndGlobal
