
Microsoft Visual Studio Solution File, Format Version 12.00
# Visual Studio Version 17
VisualStudioVersion = 17.14.36616.10 d17.14
MinimumVisualStudioVersion = 10.0.40219.1
Project("{FAE04EC0-301F-11D3-BF4B-00C04F79EFBC}") = "ViewMOdels_Prj", "ViewMOdels_Prj.csproj", "{928041E5-7C00-4996-9816-54D7E2D304AE}"
EndProject
Global
	GlobalSection(SolutionConfigurationPlatforms) = preSolution
		Debug|Any CPU = Debug|Any CPU
		Release|Any CPU = Release|Any CPU
	EndGlobalSection
	GlobalSection(ProjectConfigurationPlatforms) = postSolution
		{928041E5-7C00-4996-9816-54D7E2D304AE}.Debug|Any CPU.ActiveCfg = Debug|Any CPU
		{928041E5-7C00-4996-9816-54D7E2D304AE}.Debug|Any CPU.Build.0 = Debug|Any CPU
		{928041E5-7C00-4996-9816-54D7E2D304AE}.Release|Any CPU.ActiveCfg = Release|Any CPU
		{928041E5-7C00-4996-9816-54D7E2D304AE}.Release|Any CPU.Build.0 = Release|Any CPU
	EndGlobalSection
	GlobalSection(SolutionProperties) = preSolution
		HideSolutionNode = FALSE
	EndGlobalSection
	GlobalSection(ExtensibilityGlobals) = postSolution
		SolutionGuid = {435E201F-A3FB-4432-85CE-5ED150748F9A}
	EndGlobalSection
EndGlobal
